// !$*UTF8*$!
{
	archiveVersion = 1;
	classes = {
	};
	objectVersion = 51;
	objects = {

/* Begin PBXBuildFile section */
		9F578B0525DCEC9300508760 /* AppDelegate.swift in Sources */ = {isa = PBXBuildFile; fileRef = 9F578B0425DCEC9300508760 /* AppDelegate.swift */; };
		9F578B0725DCEC9300508760 /* SceneDelegate.swift in Sources */ = {isa = PBXBuildFile; fileRef = 9F578B0625DCEC9300508760 /* SceneDelegate.swift */; };
		9F578B0925DCEC9300508760 /* ViewController.swift in Sources */ = {isa = PBXBuildFile; fileRef = 9F578B0825DCEC9300508760 /* ViewController.swift */; };
		9F578B0C25DCEC9300508760 /* Main.storyboard in Resources */ = {isa = PBXBuildFile; fileRef = 9F578B0A25DCEC9300508760 /* Main.storyboard */; };
		9F578B0E25DCEC9500508760 /* Assets.xcassets in Resources */ = {isa = PBXBuildFile; fileRef = 9F578B0D25DCEC9500508760 /* Assets.xcassets */; };
		9F578B1125DCEC9500508760 /* LaunchScreen.storyboard in Resources */ = {isa = PBXBuildFile; fileRef = 9F578B0F25DCEC9500508760 /* LaunchScreen.storyboard */; };
		9FBE6F3C25DD08FE0073E796 /* LoginViewController.swift in Sources */ = {isa = PBXBuildFile; fileRef = 9FBE6F3B25DD08FE0073E796 /* LoginViewController.swift */; };
		9FBE6F3F25DD09120073E796 /* Login.storyboard in Resources */ = {isa = PBXBuildFile; fileRef = 9FBE6F3E25DD09120073E796 /* Login.storyboard */; };
		BC0E5A0F5B771D945FFC609B /* Pods_crystalDefect_1.framework in Frameworks */ = {isa = PBXBuildFile; fileRef = CD86E54C5E04A846EBE6EFDC /* Pods_crystalDefect_1.framework */; };
/* End PBXBuildFile section */

/* Begin PBXFileReference section */
		0A39311E12BF936292731F90 /* Pods-crystalDefect_1.release.xcconfig */ = {isa = PBXFileReference; includeInIndex = 1; lastKnownFileType = text.xcconfig; name = "Pods-crystalDefect_1.release.xcconfig"; path = "Target Support Files/Pods-crystalDefect_1/Pods-crystalDefect_1.release.xcconfig"; sourceTree = "<group>"; };
		9F578B0125DCEC9300508760 /* crystalDefect_1.app */ = {isa = PBXFileReference; explicitFileType = wrapper.application; includeInIndex = 0; path = crystalDefect_1.app; sourceTree = BUILT_PRODUCTS_DIR; };
		9F578B0425DCEC9300508760 /* AppDelegate.swift */ = {isa = PBXFileReference; lastKnownFileType = sourcecode.swift; path = AppDelegate.swift; sourceTree = "<group>"; };
		9F578B0625DCEC9300508760 /* SceneDelegate.swift */ = {isa = PBXFileReference; lastKnownFileType = sourcecode.swift; path = SceneDelegate.swift; sourceTree = "<group>"; };
		9F578B0825DCEC9300508760 /* ViewController.swift */ = {isa = PBXFileReference; lastKnownFileType = sourcecode.swift; path = ViewController.swift; sourceTree = "<group>"; };
		9F578B0B25DCEC9300508760 /* Base */ = {isa = PBXFileReference; lastKnownFileType = file.storyboard; name = Base; path = Base.lproj/Main.storyboard; sourceTree = "<group>"; };
		9F578B0D25DCEC9500508760 /* Assets.xcassets */ = {isa = PBXFileReference; lastKnownFileType = folder.assetcatalog; path = Assets.xcassets; sourceTree = "<group>"; };
		9F578B1025DCEC9500508760 /* Base */ = {isa = PBXFileReference; lastKnownFileType = file.storyboard; name = Base; path = Base.lproj/LaunchScreen.storyboard; sourceTree = "<group>"; };
		9F578B1225DCEC9500508760 /* Info.plist */ = {isa = PBXFileReference; lastKnownFileType = text.plist.xml; path = Info.plist; sourceTree = "<group>"; };
		9FBE6F3B25DD08FE0073E796 /* LoginViewController.swift */ = {isa = PBXFileReference; lastKnownFileType = sourcecode.swift; path = LoginViewController.swift; sourceTree = "<group>"; };
		9FBE6F3E25DD09120073E796 /* Login.storyboard */ = {isa = PBXFileReference; lastKnownFileType = file.storyboard; path = Login.storyboard; sourceTree = "<group>"; };
		C7D0CBAC0939C3984603C523 /* Pods-crystalDefect_1.debug.xcconfig */ = {isa = PBXFileReference; includeInIndex = 1; lastKnownFileType = text.xcconfig; name = "Pods-crystalDefect_1.debug.xcconfig"; path = "Target Support Files/Pods-crystalDefect_1/Pods-crystalDefect_1.debug.xcconfig"; sourceTree = "<group>"; };
		CD86E54C5E04A846EBE6EFDC /* Pods_crystalDefect_1.framework */ = {isa = PBXFileReference; explicitFileType = wrapper.framework; includeInIndex = 0; path = Pods_crystalDefect_1.framework; sourceTree = BUILT_PRODUCTS_DIR; };
/* End PBXFileReference section */

/* Begin PBXFrameworksBuildPhase section */
		9F578AFE25DCEC9300508760 /* Frameworks */ = {
			isa = PBXFrameworksBuildPhase;
			buildActionMask = 2147483647;
			files = (
				BC0E5A0F5B771D945FFC609B /* Pods_crystalDefect_1.framework in Frameworks */,
			);
			runOnlyForDeploymentPostprocessing = 0;
		};
/* End PBXFrameworksBuildPhase section */

/* Begin PBXGroup section */
		369D61822521C23555D77039 /* Frameworks */ = {
			isa = PBXGroup;
			children = (
				CD86E54C5E04A846EBE6EFDC /* Pods_crystalDefect_1.framework */,
			);
			name = Frameworks;
			sourceTree = "<group>";
		};
		9F578AF825DCEC9300508760 = {
			isa = PBXGroup;
			children = (
				9F578B0325DCEC9300508760 /* crystalDefect_1 */,
				9F578B0225DCEC9300508760 /* Products */,
				B5E47874BA0AFF3AA7289EE6 /* Pods */,
				369D61822521C23555D77039 /* Frameworks */,
			);
			sourceTree = "<group>";
		};
		9F578B0225DCEC9300508760 /* Products */ = {
			isa = PBXGroup;
			children = (
				9F578B0125DCEC9300508760 /* crystalDefect_1.app */,
			);
			name = Products;
			sourceTree = "<group>";
		};
		9F578B0325DCEC9300508760 /* crystalDefect_1 */ = {
			isa = PBXGroup;
			children = (
				9F578B1925DCECCA00508760 /* Login */,
				9F578B0425DCEC9300508760 /* AppDelegate.swift */,
				9F578B0625DCEC9300508760 /* SceneDelegate.swift */,
				9F578B0825DCEC9300508760 /* ViewController.swift */,
				9F578B0A25DCEC9300508760 /* Main.storyboard */,
				9F578B0D25DCEC9500508760 /* Assets.xcassets */,
				9F578B0F25DCEC9500508760 /* LaunchScreen.storyboard */,
				9F578B1225DCEC9500508760 /* Info.plist */,
			);
			path = crystalDefect_1;
			sourceTree = "<group>";
		};
		9F578B1925DCECCA00508760 /* Login */ = {
			isa = PBXGroup;
			children = (
				9FBE6F3B25DD08FE0073E796 /* LoginViewController.swift */,
				9FBE6F3E25DD09120073E796 /* Login.storyboard */,
			);
			path = Login;
			sourceTree = "<group>";
		};
		B5E47874BA0AFF3AA7289EE6 /* Pods */ = {
			isa = PBXGroup;
			children = (
				C7D0CBAC0939C3984603C523 /* Pods-crystalDefect_1.debug.xcconfig */,
				0A39311E12BF936292731F90 /* Pods-crystalDefect_1.release.xcconfig */,
			);
			path = Pods;
			sourceTree = "<group>";
		};
/* End PBXGroup section */

/* Begin PBXNativeTarget section */
		9F578B0025DCEC9300508760 /* crystalDefect_1 */ = {
			isa = PBXNativeTarget;
			buildConfigurationList = 9F578B1525DCEC9500508760 /* Build configuration list for PBXNativeTarget "crystalDefect_1" */;
			buildPhases = (
				0B9BCB96E0CE6CE847AF92D1 /* [CP] Check Pods Manifest.lock */,
				9F578AFD25DCEC9300508760 /* Sources */,
				9F578AFE25DCEC9300508760 /* Frameworks */,
				9F578AFF25DCEC9300508760 /* Resources */,
				9964F3AEF4FCA3DB5EF03CE1 /* [CP] Embed Pods Frameworks */,
			);
			buildRules = (
			);
			dependencies = (
			);
			name = crystalDefect_1;
			productName = crystalDefect_1;
			productReference = 9F578B0125DCEC9300508760 /* crystalDefect_1.app */;
			productType = "com.apple.product-type.application";
		};
/* End PBXNativeTarget section */

/* Begin PBXProject section */
		9F578AF925DCEC9300508760 /* Project object */ = {
			isa = PBXProject;
			attributes = {
				LastSwiftUpdateCheck = 1240;
				LastUpgradeCheck = 1240;
				TargetAttributes = {
					9F578B0025DCEC9300508760 = {
						CreatedOnToolsVersion = 12.4;
					};
				};
			};
			buildConfigurationList = 9F578AFC25DCEC9300508760 /* Build configuration list for PBXProject "crystalDefect_1" */;
			compatibilityVersion = "Xcode 9.3";
			developmentRegion = en;
			hasScannedForEncodings = 0;
			knownRegions = (
				en,
				Base,
			);
			mainGroup = 9F578AF825DCEC9300508760;
			productRefGroup = 9F578B0225DCEC9300508760 /* Products */;
			projectDirPath = "";
			projectRoot = "";
			targets = (
				9F578B0025DCEC9300508760 /* crystalDefect_1 */,
			);
		};
/* End PBXProject section */

/* Begin PBXResourcesBuildPhase section */
		9F578AFF25DCEC9300508760 /* Resources */ = {
			isa = PBXResourcesBuildPhase;
			buildActionMask = 2147483647;
			files = (
				9FBE6F3F25DD09120073E796 /* Login.storyboard in Resources */,
				9F578B1125DCEC9500508760 /* LaunchScreen.storyboard in Resources */,
				9F578B0E25DCEC9500508760 /* Assets.xcassets in Resources */,
				9F578B0C25DCEC9300508760 /* Main.storyboard in Resources */,
			);
			runOnlyForDeploymentPostprocessing = 0;
		};
/* End PBXResourcesBuildPhase section */

/* Begin PBXShellScriptBuildPhase section */
		0B9BCB96E0CE6CE847AF92D1 /* [CP] Check Pods Manifest.lock */ = {
			isa = PBXShellScriptBuildPhase;
			buildActionMask = 2147483647;
			files = (
			);
			inputFileListPaths = (
			);
			inputPaths = (
				"${PODS_PODFILE_DIR_PATH}/Podfile.lock",
				"${PODS_ROOT}/Manifest.lock",
			);
			name = "[CP] Check Pods Manifest.lock";
			outputFileListPaths = (
			);
			outputPaths = (
				"$(DERIVED_FILE_DIR)/Pods-crystalDefect_1-checkManifestLockResult.txt",
			);
			runOnlyForDeploymentPostprocessing = 0;
			shellPath = /bin/sh;
			shellScript = "diff \"${PODS_PODFILE_DIR_PATH}/Podfile.lock\" \"${PODS_ROOT}/Manifest.lock\" > /dev/null\nif [ $? != 0 ] ; then\n    # print error to STDERR\n    echo \"error: The sandbox is not in sync with the Podfile.lock. Run 'pod install' or update your CocoaPods installation.\" >&2\n    exit 1\nfi\n# This output is used by Xcode 'outputs' to avoid re-running this script phase.\necho \"SUCCESS\" > \"${SCRIPT_OUTPUT_FILE_0}\"\n";
			showEnvVarsInLog = 0;
		};
		9964F3AEF4FCA3DB5EF03CE1 /* [CP] Embed Pods Frameworks */ = {
			isa = PBXShellScriptBuildPhase;
			buildActionMask = 2147483647;
			files = (
			);
			inputFileListPaths = (
				"${PODS_ROOT}/Target Support Files/Pods-crystalDefect_1/Pods-crystalDefect_1-frameworks-${CONFIGURATION}-input-files.xcfilelist",
			);
			name = "[CP] Embed Pods Frameworks";
			outputFileListPaths = (
				"${PODS_ROOT}/Target Support Files/Pods-crystalDefect_1/Pods-crystalDefect_1-frameworks-${CONFIGURATION}-output-files.xcfilelist",
			);
			runOnlyForDeploymentPostprocessing = 0;
			shellPath = /bin/sh;
			shellScript = "\"${PODS_ROOT}/Target Support Files/Pods-crystalDefect_1/Pods-crystalDefect_1-frameworks.sh\"\n";
			showEnvVarsInLog = 0;
		};
/* End PBXShellScriptBuildPhase section */

/* Begin PBXSourcesBuildPhase section */
		9F578AFD25DCEC9300508760 /* Sources */ = {
			isa = PBXSourcesBuildPhase;
			buildActionMask = 2147483647;
			files = (
				9FBE6F3C25DD08FE0073E796 /* LoginViewController.swift in Sources */,
				9F578B0925DCEC9300508760 /* ViewController.swift in Sources */,
				9F578B0525DCEC9300508760 /* AppDelegate.swift in Sources */,
				9F578B0725DCEC9300508760 /* SceneDelegate.swift in Sources */,
			);
			runOnlyForDeploymentPostprocessing = 0;
		};
/* End PBXSourcesBuildPhase section */

/* Begin PBXVariantGroup section */
		9F578B0A25DCEC9300508760 /* Main.storyboard */ = {
			isa = PBXVariantGroup;
			children = (
				9F578B0B25DCEC9300508760 /* Base */,
			);
			name = Main.storyboard;
			sourceTree = "<group>";
		};
		9F578B0F25DCEC9500508760 /* LaunchScreen.storyboard */ = {
			isa = PBXVariantGroup;
			children = (
				9F578B1025DCEC9500508760 /* Base */,
			);
			name = LaunchScreen.storyboard;
			sourceTree = "<group>";
		};
/* End PBXVariantGroup section */

/* Begin XCBuildConfiguration section */
		9F578B1325DCEC9500508760 /* Debug */ = {
			isa = XCBuildConfiguration;
			buildSettings = {
				ALWAYS_SEARCH_USER_PATHS = NO;
				CLANG_ANALYZER_NONNULL = YES;
				CLANG_ANALYZER_NUMBER_OBJECT_CONVERSION = YES_AGGRESSIVE;
				CLANG_CXX_LANGUAGE_STANDARD = "gnu++14";
				CLANG_CXX_LIBRARY = "libc++";
				CLANG_ENABLE_MODULES = YES;
				CLANG_ENABLE_OBJC_ARC = YES;
				CLANG_ENABLE_OBJC_WEAK = YES;
				CLANG_WARN_BLOCK_CAPTURE_AUTORELEASING = YES;
				CLANG_WARN_BOOL_CONVERSION = YES;
				CLANG_WARN_COMMA = YES;
				CLANG_WARN_CONSTANT_CONVERSION = YES;
				CLANG_WARN_DEPRECATED_OBJC_IMPLEMENTATIONS = YES;
				CLANG_WARN_DIRECT_OBJC_ISA_USAGE = YES_ERROR;
				CLANG_WARN_DOCUMENTATION_COMMENTS = YES;
				CLANG_WARN_EMPTY_BODY = YES;
				CLANG_WARN_ENUM_CONVERSION = YES;
				CLANG_WARN_INFINITE_RECURSION = YES;
				CLANG_WARN_INT_CONVERSION = YES;
				CLANG_WARN_NON_LITERAL_NULL_CONVERSION = YES;
				CLANG_WARN_OBJC_IMPLICIT_RETAIN_SELF = YES;
				CLANG_WARN_OBJC_LITERAL_CONVERSION = YES;
				CLANG_WARN_OBJC_ROOT_CLASS = YES_ERROR;
				CLANG_WARN_QUOTED_INCLUDE_IN_FRAMEWORK_HEADER = YES;
				CLANG_WARN_RANGE_LOOP_ANALYSIS = YES;
				CLANG_WARN_STRICT_PROTOTYPES = YES;
				CLANG_WARN_SUSPICIOUS_MOVE = YES;
				CLANG_WARN_UNGUARDED_AVAILABILITY = YES_AGGRESSIVE;
				CLANG_WARN_UNREACHABLE_CODE = YES;
				CLANG_WARN__DUPLICATE_METHOD_MATCH = YES;
				COPY_PHASE_STRIP = NO;
				DEBUG_INFORMATION_FORMAT = dwarf;
				ENABLE_STRICT_OBJC_MSGSEND = YES;
				ENABLE_TESTABILITY = YES;
				GCC_C_LANGUAGE_STANDARD = gnu11;
				GCC_DYNAMIC_NO_PIC = NO;
				GCC_NO_COMMON_BLOCKS = YES;
				GCC_OPTIMIZATION_LEVEL = 0;
				GCC_PREPROCESSOR_DEFINITIONS = (
					"DEBUG=1",
					"$(inherited)",
				);
				GCC_WARN_64_TO_32_BIT_CONVERSION = YES;
				GCC_WARN_ABOUT_RETURN_TYPE = YES_ERROR;
				GCC_WARN_UNDECLARED_SELECTOR = YES;
				GCC_WARN_UNINITIALIZED_AUTOS = YES_AGGRESSIVE;
				GCC_WARN_UNUSED_FUNCTION = YES;
				GCC_WARN_UNUSED_VARIABLE = YES;
				IPHONEOS_DEPLOYMENT_TARGET = 14.4;
				MTL_ENABLE_DEBUG_INFO = INCLUDE_SOURCE;
				MTL_FAST_MATH = YES;
				ONLY_ACTIVE_ARCH = YES;
				SDKROOT = iphoneos;
				SWIFT_ACTIVE_COMPILATION_CONDITIONS = DEBUG;
				SWIFT_OPTIMIZATION_LEVEL = "-Onone";
			};
			name = Debug;
		};
		9F578B1425DCEC9500508760 /* Release */ = {
			isa = XCBuildConfiguration;
			buildSettings = {
				ALWAYS_SEARCH_USER_PATHS = NO;
				CLANG_ANALYZER_NONNULL = YES;
				CLANG_ANALYZER_NUMBER_OBJECT_CONVERSION = YES_AGGRESSIVE;
				CLANG_CXX_LANGUAGE_STANDARD = "gnu++14";
				CLANG_CXX_LIBRARY = "libc++";
				CLANG_ENABLE_MODULES = YES;
				CLANG_ENABLE_OBJC_ARC = YES;
				CLANG_ENABLE_OBJC_WEAK = YES;
				CLANG_WARN_BLOCK_CAPTURE_AUTORELEASING = YES;
				CLANG_WARN_BOOL_CONVERSION = YES;
				CLANG_WARN_COMMA = YES;
				CLANG_WARN_CONSTANT_CONVERSION = YES;
				CLANG_WARN_DEPRECATED_OBJC_IMPLEMENTATIONS = YES;
				CLANG_WARN_DIRECT_OBJC_ISA_USAGE = YES_ERROR;
				CLANG_WARN_DOCUMENTATION_COMMENTS = YES;
				CLANG_WARN_EMPTY_BODY = YES;
				CLANG_WARN_ENUM_CONVERSION = YES;
				CLANG_WARN_INFINITE_RECURSION = YES;
				CLANG_WARN_INT_CONVERSION = YES;
				CLANG_WARN_NON_LITERAL_NULL_CONVERSION = YES;
				CLANG_WARN_OBJC_IMPLICIT_RETAIN_SELF = YES;
				CLANG_WARN_OBJC_LITERAL_CONVERSION = YES;
				CLANG_WARN_OBJC_ROOT_CLASS = YES_ERROR;
				CLANG_WARN_QUOTED_INCLUDE_IN_FRAMEWORK_HEADER = YES;
				CLANG_WARN_RANGE_LOOP_ANALYSIS = YES;
				CLANG_WARN_STRICT_PROTOTYPES = YES;
				CLANG_WARN_SUSPICIOUS_MOVE = YES;
				CLANG_WARN_UNGUARDED_AVAILABILITY = YES_AGGRESSIVE;
				CLANG_WARN_UNREACHABLE_CODE = YES;
				CLANG_WARN__DUPLICATE_METHOD_MATCH = YES;
				COPY_PHASE_STRIP = NO;
				DEBUG_INFORMATION_FORMAT = "dwarf-with-dsym";
				ENABLE_NS_ASSERTIONS = NO;
				ENABLE_STRICT_OBJC_MSGSEND = YES;
				GCC_C_LANGUAGE_STANDARD = gnu11;
				GCC_NO_COMMON_BLOCKS = YES;
				GCC_WARN_64_TO_32_BIT_CONVERSION = YES;
				GCC_WARN_ABOUT_RETURN_TYPE = YES_ERROR;
				GCC_WARN_UNDECLARED_SELECTOR = YES;
				GCC_WARN_UNINITIALIZED_AUTOS = YES_AGGRESSIVE;
				GCC_WARN_UNUSED_FUNCTION = YES;
				GCC_WARN_UNUSED_VARIABLE = YES;
				IPHONEOS_DEPLOYMENT_TARGET = 14.4;
				MTL_ENABLE_DEBUG_INFO = NO;
				MTL_FAST_MATH = YES;
				SDKROOT = iphoneos;
				SWIFT_COMPILATION_MODE = wholemodule;
				SWIFT_OPTIMIZATION_LEVEL = "-O";
				VALIDATE_PRODUCT = YES;
			};
			name = Release;
		};
		9F578B1625DCEC9500508760 /* Debug */ = {
			isa = XCBuildConfiguration;
			baseConfigurationReference = C7D0CBAC0939C3984603C523 /* Pods-crystalDefect_1.debug.xcconfig */;
			buildSettings = {
				ASSETCATALOG_COMPILER_APPICON_NAME = AppIcon;
				ASSETCATALOG_COMPILER_GLOBAL_ACCENT_COLOR_NAME = AccentColor;
				CODE_SIGN_STYLE = Automatic;
				DEVELOPMENT_TEAM = 8K8VT9C65D;
				INFOPLIST_FILE = crystalDefect_1/Info.plist;
				LD_RUNPATH_SEARCH_PATHS = (
					"$(inherited)",
					"@executable_path/Frameworks",
				);
				PRODUCT_BUNDLE_IDENTIFIER = "iOSHaYeonStudy.crystalDefect-1";
				PRODUCT_NAME = "$(TARGET_NAME)";
				SWIFT_VERSION = 5.0;
				TARGETED_DEVICE_FAMILY = "1,2";
			};
			name = Debug;
		};
		9F578B1725DCEC9500508760 /* Release */ = {
			isa = XCBuildConfiguration;
			baseConfigurationReference = 0A39311E12BF936292731F90 /* Pods-crystalDefect_1.release.xcconfig */;
			buildSettings = {
				ASSETCATALOG_COMPILER_APPICON_NAME = AppIcon;
				ASSETCATALOG_COMPILER_GLOBAL_ACCENT_COLOR_NAME = AccentColor;
				CODE_SIGN_STYLE = Automatic;
				DEVELOPMENT_TEAM = 8K8VT9C65D;
				INFOPLIST_FILE = crystalDefect_1/Info.plist;
				LD_RUNPATH_SEARCH_PATHS = (
					"$(inherited)",
					"@executable_path/Frameworks",
				);
				PRODUCT_BUNDLE_IDENTIFIER = "iOSHaYeonStudy.crystalDefect-1";
				PRODUCT_NAME = "$(TARGET_NAME)";
				SWIFT_VERSION = 5.0;
				TARGETED_DEVICE_FAMILY = "1,2";
			};
			name = Release;
		};
/* End XCBuildConfiguration section */

/* Begin XCConfigurationList section */
		9F578AFC25DCEC9300508760 /* Build configuration list for PBXProject "crystalDefect_1" */ = {
			isa = XCConfigurationList;
			buildConfigurations = (
				9F578B1325DCEC9500508760 /* Debug */,
				9F578B1425DCEC9500508760 /* Release */,
			);
			defaultConfigurationIsVisible = 0;
			defaultConfigurationName = Release;
		};
		9F578B1525DCEC9500508760 /* Build configuration list for PBXNativeTarget "crystalDefect_1" */ = {
			isa = XCConfigurationList;
			buildConfigurations = (
				9F578B1625DCEC9500508760 /* Debug */,
				9F578B1725DCEC9500508760 /* Release */,
			);
			defaultConfigurationIsVisible = 0;
			defaultConfigurationName = Release;
		};
/* End XCConfigurationList section */
	};
	rootObject = 9F578AF925DCEC9300508760 /* Project object */;
}
